
Microsoft Visual Studio Solution File, Format Version 12.00
# Visual Studio 15
VisualStudioVersion = 15.0.27428.2037
MinimumVisualStudioVersion = 10.0.40219.1
Project("{8BC9CEB8-8B4A-11D0-8D11-00A0C91BC942}") = "luac", "luac\luac.vcxproj", "{40C58CD0-AD0E-4604-A35E-C3F37FC3886C}"
EndProject
Project("{8BC9CEB8-8B4A-11D0-8D11-00A0C91BC942}") = "liblua", "liblua\liblua.vcxproj", "{6C6CC0B4-7A40-40E4-8B90-18493E0F0191}"
EndProject
Project("{8BC9CEB8-8B4A-11D0-8D11-00A0C91BC942}") = "lua-interpreter", "lua-interpreter\lua-interpreter.vcxproj", "{A26D4ED9-A10B-4731-8178-16A57834DC55}"
EndProject
Global
	GlobalSection(SolutionConfigurationPlatforms) = preSolution
		Debug|x64 = Debug|x64
		Debug|x86 = Debug|x86
		Release|x64 = Release|x64
		Release|x86 = Release|x86
	EndGlobalSection
	GlobalSection(ProjectConfigurationPlatforms) = postSolution
		{40C58CD0-AD0E-4604-A35E-C3F37FC3886C}.Debug|x64.ActiveCfg = Debug|x64
		{40C58CD0-AD0E-4604-A35E-C3F37FC3886C}.Debug|x64.Build.0 = Debug|x64
		{40C58CD0-AD0E-4604-A35E-C3F37FC3886C}.Debug|x86.ActiveCfg = Debug|Win32
		{40C58CD0-AD0E-4604-A35E-C3F37FC3886C}.Debug|x86.Build.0 = Debug|Win32
		{40C58CD0-AD0E-4604-A35E-C3F37FC3886C}.Release|x64.ActiveCfg = Release|x64
		{40C58CD0-AD0E-4604-A35E-C3F37FC3886C}.Release|x64.Build.0 = Release|x64
		{40C58CD0-AD0E-4604-A35E-C3F37FC3886C}.Release|x86.ActiveCfg = Release|Win32
		{40C58CD0-AD0E-4604-A35E-C3F37FC3886C}.Release|x86.Build.0 = Release|Win32
		{6C6CC0B4-7A40-40E4-8B90-18493E0F0191}.Debug|x64.ActiveCfg = Debug|x64
		{6C6CC0B4-7A40-40E4-8B90-18493E0F0191}.Debug|x64.Build.0 = Debug|x64
		{6C6CC0B4-7A40-40E4-8B90-18493E0F0191}.Debug|x86.ActiveCfg = Debug|Win32
		{6C6CC0B4-7A40-40E4-8B90-18493E0F0191}.Debug|x86.Build.0 = Debug|Win32
		{6C6CC0B4-7A40-40E4-8B90-18493E0F0191}.Release|x64.ActiveCfg = Release|x64
		{6C6CC0B4-7A40-40E4-8B90-18493E0F0191}.Release|x64.Build.0 = Release|x64
		{6C6CC0B4-7A40-40E4-8B90-18493E0F0191}.Release|x86.ActiveCfg = Release|Win32
		{6C6CC0B4-7A40-40E4-8B90-18493E0F0191}.Release|x86.Build.0 = Release|Win32
		{A26D4ED9-A10B-4731-8178-16A57834DC55}.Debug|x64.ActiveCfg = Debug|x64
		{A26D4ED9-A10B-4731-8178-16A57834DC55}.Debug|x64.Build.0 = Debug|x64
		{A26D4ED9-A10B-4731-8178-16A57834DC55}.Debug|x86.ActiveCfg = Debug|Win32
		{A26D4ED9-A10B-4731-8178-16A57834DC55}.Debug|x86.Build.0 = Debug|Win32
		{A26D4ED9-A10B-4731-8178-16A57834DC55}.Release|x64.ActiveCfg = Release|x64
		{A26D4ED9-A10B-4731-8178-16A57834DC55}.Release|x64.Build.0 = Release|x64
		{A26D4ED9-A10B-4731-8178-16A57834DC55}.Release|x86.ActiveCfg = Release|Win32
		{A26D4ED9-A10B-4731-8178-16A57834DC55}.Release|x86.Build.0 = Release|Win32
	EndGlobalSection
	GlobalSection(SolutionProperties) = preSolution
		HideSolutionNode = FALSE
	EndGlobalSection
	GlobalSection(ExtensibilityGlobals) = postSolution
		SolutionGuid = {FAD4873E-6DCB-4281-93E8-F622C3D9DF4F}
	EndGlobalSection
EndGlobal
